{
  "version": 4,
  "terraform_version": "0.12.2",
  "serial": 6,
  "lineage": "fdadbdac-beee-6d44-f946-08d831277315",
  "outputs": {},
  "resources": [
    {
      "mode": "managed",
      "type": "google_container_cluster",
      "name": "kubernetes",
      "provider": "provider.google",
      "instances": [
        {
          "schema_version": 1,
          "attributes": {
            "additional_zones": [
              "us-west1-a",
              "us-west1-b",
              "us-west1-c"
            ],
            "addons_config": [
              {
                "horizontal_pod_autoscaling": [],
                "http_load_balancing": [],
                "kubernetes_dashboard": [
                  {
                    "disabled": true
                  }
                ],
                "network_policy_config": [
                  {
                    "disabled": true
                  }
                ]
              }
            ],
            "cluster_autoscaling": [],
            "cluster_ipv4_cidr": "10.44.0.0/14",
            "description": "",
            "enable_binary_authorization": null,
            "enable_intranode_visibility": null,
            "enable_kubernetes_alpha": false,
            "enable_legacy_abac": false,
            "enable_tpu": null,
            "endpoint": "35.197.31.151",
            "id": "k8s-cluster",
            "initial_node_count": 1,
            "instance_group_urls": [
              "https://www.googleapis.com/compute/v1/projects/cloud-data-migrator/zones/us-west1-b/instanceGroups/gke-k8s-cluster-default-pool-d6d7a6b1-grp",
              "https://www.googleapis.com/compute/v1/projects/cloud-data-migrator/zones/us-west1-a/instanceGroups/gke-k8s-cluster-default-pool-c69bfb54-grp",
              "https://www.googleapis.com/compute/v1/projects/cloud-data-migrator/zones/us-west1-c/instanceGroups/gke-k8s-cluster-default-pool-0a794d37-grp"
            ],
            "ip_allocation_policy": [],
            "location": "us-west1",
            "logging_service": "logging.googleapis.com",
            "maintenance_policy": [],
            "master_auth": [
              {
                "client_certificate": "",
                "client_certificate_config": [
                  {
                    "issue_client_certificate": false
                  }
                ],
                "client_key": "",
                "cluster_ca_certificate": "LS0tLS1CRUdJTiBDRVJUSUZJQ0FURS0tLS0tCk1JSURDekNDQWZPZ0F3SUJBZ0lRUCt0YnRwT1l1RzRGYldOOHV4UU5QREFOQmdrcWhraUc5dzBCQVFzRkFEQXYKTVMwd0t3WURWUVFERXlRM04yUmxPR05tT1MwMU1EY3pMVFF5WVRjdFlURmlOUzAwWkRneFpEVTFPV000T1dZdwpIaGNOTVRrd09EQTNNRGN5TnpRNFdoY05NalF3T0RBMU1EZ3lOelE0V2pBdk1TMHdLd1lEVlFRREV5UTNOMlJsCk9HTm1PUzAxTURjekxUUXlZVGN0WVRGaU5TMDBaRGd4WkRVMU9XTTRPV1l3Z2dFaU1BMEdDU3FHU0liM0RRRUIKQVFVQUE0SUJEd0F3Z2dFS0FvSUJBUUNhbGh4MU9JNm9Ja0IwMVhlQk4vN3dZQVdvQzNhVFRWd01DcE5qejdKbwpVN2w3VldhTjRNMVoxRFUrRlV4SHE2OU1rMHJvdU1tdWdnakZOcjhjdmUyZzVnOGR0VmNzOUFEYTc5YnRQc2pKClgzY290REdoV3k0SFRyUHVsclJUWldyL2orK1lpMjNiK3Bsd0o5eSt2WldBZE00dG5Zc29TUURNNWwvc3VmZkgKdS95Yi9tQzhDSGdBSFgxWHBnbHBPTDU3R1IrYkd3ZkFLcWcrRDZTUDFkNDF3R3RJRzNLWEcxYTRjb1hIcGlLaAo1dGJuYkFlM0tQSnBmZ2RGNGlaRGFHdWV0TGVzcE1GL1QrS3UrUlF1eFVQRHd3cTF2U2xVaUV3ejhHMWw1VG9QCk05aEd1UjluNkdJUjZGWCtFQmEzUFlPUnpqOUoxSGF2OWxzeks5Q0VoejF4QWdNQkFBR2pJekFoTUE0R0ExVWQKRHdFQi93UUVBd0lDQkRBUEJnTlZIUk1CQWY4RUJUQURBUUgvTUEwR0NTcUdTSWIzRFFFQkN3VUFBNElCQVFBagpXL0prWS9MMlZtWHVBRUp2clJzWnBXeWhna3NFdk90bG1kd1pCQWh4ZHVNYmNYdk1IRHY2MEU4MnVJOTNpR2I2ClRsTXl4NmxidWk3VlN3dXVQYlp0dnV0ZnJyZ0hxdEhoaDltcWgzV3kzbldzTHJ5eFVtZ25hbi9jbE1YU0hDVHAKWFlLTFF3ZkpOZ2wvaWhsRnBjR1pVNzlpNGlBL2ZZa3BJOFNTMk1wbFBMemR3ZlBJc2lXNTNPUTFzOG5DRDFBZwo1SUxMNHNjeks2S2dBRG81WGF1dU9WS08ydnFBRTFna1pNUGszRFEwL0VVamNRZUhjeG15K3ptNXgxSnVBSnkrCjhQQVp6eC9lb0ovS3RnOE5lTFNFK3RoNjRtWThpZzg2RDBBOExLa2RubGJodzJaZ3JMYUZIRVJTbWFrdjJpUG0KNmt2eGNXcDNDdndGRGduZFBqUG8KLS0tLS1FTkQgQ0VSVElGSUNBVEUtLS0tLQo=",
                "password": "",
                "username": ""
              }
            ],
            "master_authorized_networks_config": [],
            "master_version": "1.12.8-gke.10",
            "min_master_version": null,
            "monitoring_service": "monitoring.googleapis.com",
            "name": "k8s-cluster",
            "network": "projects/cloud-data-migrator/global/networks/default",
            "network_policy": [
              {
                "enabled": false,
                "provider": "PROVIDER_UNSPECIFIED"
              }
            ],
            "node_config": [
              {
                "disk_size_gb": 100,
                "disk_type": "pd-standard",
                "guest_accelerator": [],
                "image_type": "COS",
                "labels": {},
                "local_ssd_count": 0,
                "machine_type": "n1-standard-1",
                "metadata": {
                  "disable-legacy-endpoints": "true"
                },
                "min_cpu_platform": "",
                "oauth_scopes": [
                  "https://www.googleapis.com/auth/compute",
                  "https://www.googleapis.com/auth/devstorage.read_only",
                  "https://www.googleapis.com/auth/logging.write",
                  "https://www.googleapis.com/auth/monitoring"
                ],
                "preemptible": false,
                "sandbox_config": [],
                "service_account": "default",
                "tags": [
                  "network-cluster"
                ],
                "taint": [],
                "workload_metadata_config": []
              }
            ],
            "node_locations": [
              "us-west1-a",
              "us-west1-b",
              "us-west1-c"
            ],
            "node_pool": [
              {
                "autoscaling": [],
                "initial_node_count": 1,
                "instance_group_urls": [
                  "https://www.googleapis.com/compute/v1/projects/cloud-data-migrator/zones/us-west1-b/instanceGroupManagers/gke-k8s-cluster-default-pool-d6d7a6b1-grp",
                  "https://www.googleapis.com/compute/v1/projects/cloud-data-migrator/zones/us-west1-a/instanceGroupManagers/gke-k8s-cluster-default-pool-c69bfb54-grp",
                  "https://www.googleapis.com/compute/v1/projects/cloud-data-migrator/zones/us-west1-c/instanceGroupManagers/gke-k8s-cluster-default-pool-0a794d37-grp"
                ],
                "management": [
                  {
                    "auto_repair": false,
                    "auto_upgrade": false
                  }
                ],
                "max_pods_per_node": 0,
                "name": "default-pool",
                "name_prefix": "",
                "node_config": [
                  {
                    "disk_size_gb": 100,
                    "disk_type": "pd-standard",
                    "guest_accelerator": [],
                    "image_type": "COS",
                    "labels": {},
                    "local_ssd_count": 0,
                    "machine_type": "n1-standard-1",
                    "metadata": {
                      "disable-legacy-endpoints": "true"
                    },
                    "min_cpu_platform": "",
                    "oauth_scopes": [
                      "https://www.googleapis.com/auth/compute",
                      "https://www.googleapis.com/auth/devstorage.read_only",
                      "https://www.googleapis.com/auth/logging.write",
                      "https://www.googleapis.com/auth/monitoring"
                    ],
                    "preemptible": false,
                    "sandbox_config": [],
                    "service_account": "default",
                    "tags": [
                      "network-cluster"
                    ],
                    "taint": [],
                    "workload_metadata_config": []
                  }
                ],
                "node_count": 1,
                "version": "1.12.8-gke.10"
              }
            ],
            "node_version": "1.12.8-gke.10",
            "pod_security_policy_config": [],
            "private_cluster_config": [],
            "project": "cloud-data-migrator",
            "region": "us-west1",
            "remove_default_node_pool": null,
            "resource_labels": null,
            "services_ipv4_cidr": "10.47.240.0/20",
            "subnetwork": "projects/cloud-data-migrator/regions/us-west1/subnetworks/default",
            "timeouts": null,
            "zone": null
          },
          "private": "eyJlMmJmYjczMC1lY2FhLTExZTYtOGY4OC0zNDM2M2JjN2M0YzAiOnsiY3JlYXRlIjoxODAwMDAwMDAwMDAwLCJkZWxldGUiOjE4MDAwMDAwMDAwMDAsInVwZGF0ZSI6MzYwMDAwMDAwMDAwMH0sInNjaGVtYV92ZXJzaW9uIjoiMSJ9",
          "depends_on": [
            "google_project_service.kubernetes"
          ]
        }
      ]
    },
    {
      "mode": "managed",
      "type": "google_project_service",
      "name": "kubernetes",
      "provider": "provider.google",
      "instances": [
        {
          "schema_version": 0,
          "attributes": {
            "disable_dependent_services": true,
            "disable_on_destroy": true,
            "id": "cloud-data-migrator/container.googleapis.com",
            "project": "cloud-data-migrator",
            "service": "container.googleapis.com",
            "timeouts": null
          },
          "private": "eyJlMmJmYjczMC1lY2FhLTExZTYtOGY4OC0zNDM2M2JjN2M0YzAiOnsiY3JlYXRlIjoxMjAwMDAwMDAwMDAwLCJkZWxldGUiOjEyMDAwMDAwMDAwMDAsInJlYWQiOjYwMDAwMDAwMDAwMCwidXBkYXRlIjoxMjAwMDAwMDAwMDAwfX0="
        }
      ]
    }
  ]
}
