{
  "version": 4,
  "terraform_version": "0.12.2",
  "serial": 12,
  "lineage": "fdadbdac-beee-6d44-f946-08d831277315",
  "outputs": {},
  "resources": [
    {
      "mode": "managed",
      "type": "google_container_cluster",
      "name": "kubernetes",
      "provider": "provider.google",
      "instances": [
        {
          "schema_version": 1,
          "attributes": {
            "additional_zones": [
              "us-west1-a",
              "us-west1-b",
              "us-west1-c"
            ],
            "addons_config": [
              {
                "horizontal_pod_autoscaling": [],
                "http_load_balancing": [],
                "kubernetes_dashboard": [
                  {
                    "disabled": true
                  }
                ],
                "network_policy_config": [
                  {
                    "disabled": true
                  }
                ]
              }
            ],
            "cluster_autoscaling": [],
            "cluster_ipv4_cidr": "10.44.0.0/14",
            "description": "",
            "enable_binary_authorization": null,
            "enable_intranode_visibility": null,
            "enable_kubernetes_alpha": false,
            "enable_legacy_abac": false,
            "enable_tpu": null,
            "endpoint": "34.83.37.132",
            "id": "k8s-cluster",
            "initial_node_count": 1,
            "instance_group_urls": [
              "https://www.googleapis.com/compute/v1/projects/cloud-data-migrator/zones/us-west1-b/instanceGroups/gke-k8s-cluster-default-pool-d3e76f73-grp",
              "https://www.googleapis.com/compute/v1/projects/cloud-data-migrator/zones/us-west1-c/instanceGroups/gke-k8s-cluster-default-pool-357ac456-grp",
              "https://www.googleapis.com/compute/v1/projects/cloud-data-migrator/zones/us-west1-a/instanceGroups/gke-k8s-cluster-default-pool-d507e435-grp"
            ],
            "ip_allocation_policy": [],
            "location": "us-west1",
            "logging_service": "logging.googleapis.com",
            "maintenance_policy": [],
            "master_auth": [
              {
                "client_certificate": "",
                "client_certificate_config": [
                  {
                    "issue_client_certificate": false
                  }
                ],
                "client_key": "",
                "cluster_ca_certificate": "LS0tLS1CRUdJTiBDRVJUSUZJQ0FURS0tLS0tCk1JSURERENDQWZTZ0F3SUJBZ0lSQU0yeU5oakZrS2ZtREMzN2xyVXRSVFV3RFFZSktvWklodmNOQVFFTEJRQXcKTHpFdE1Dc0dBMVVFQXhNa1kySTVaakEzWkdVdE4yTmtZaTAwT0dWbExUazNPVGd0WTJZNFpqVmpPV0prTldWaApNQjRYRFRFNU1EZ3dPREExTURNMU0xb1hEVEkwTURnd05qQTJNRE0xTTFvd0x6RXRNQ3NHQTFVRUF4TWtZMkk1ClpqQTNaR1V0TjJOa1lpMDBPR1ZsTFRrM09UZ3RZMlk0WmpWak9XSmtOV1ZoTUlJQklqQU5CZ2txaGtpRzl3MEIKQVFFRkFBT0NBUThBTUlJQkNnS0NBUUVBdUJJNTJ0ZEk2Wm9kU2o0bXZXeVp5N1lLTmJZR2hhei8zbW5GZzdVUwpoaEt1VWU2S2svNTl5MTNvOXpSbzU0ZTYwa1pnUitOdDBKWGcvTFhCNmMzbUx0cUhvY25FMGlBbU43OVF0NDNVCmlwVDUxaXBEWXAvQnJFTHNncmFaQk5oSHBpSGp6czVVaTNLZDR6cGlYZ0xNQ0F1VjFRellQLzE4bFM2T3hXVnoKdm5iNE16OWJ2YW1US3A2NzdmZmRSZWJXcnp0cytuUzJObmtvWU1zcVZZVmFma0lwMDhOckZDTXJ2QzNaK2hYRwp1bDBvZDBDSW94T2VKNlZ5UGozMWdFSmhPNDZKV3FjOHUvbGRYQmcvM3lBZ0xtYSswRE1TT04wSkJrVDVpLzVqCmVuTDFvTE5CRFBHaFcvcXNXamk3bW51bjNXREdiTEtieE5zU3BpcStMMDByYVFJREFRQUJveU13SVRBT0JnTlYKSFE4QkFmOEVCQU1DQWdRd0R3WURWUjBUQVFIL0JBVXdBd0VCL3pBTkJna3Foa2lHOXcwQkFRc0ZBQU9DQVFFQQpGb1c5V1BwaFZHVFNWTnhRV21oRzErQ1pPM1JkcXlhbVppSTRYVnNBQkd1ZkMyTHlmMFRURklLQk94TFJHMXJVCmVGeVpESnJsWmlHVDhqMy9WamFtUHcvcWRCdDg4c0xaelN0SStIbjFPOE0wNExPbUtWV1JIQ0FBYUR6VFpWaDIKWktScHpJcFhlbzFOTmlFaUlmaWtWQUs1ZkRzUlpFczFuV3k1ZFJOdVgvbXp3UHF1Vi9BVEdjb3RqakMvSk9ZWApBZWkrbUFmdnluUWhaTEluSFphNUloaXN3YTNQRy9ZdjZCM2VXSjBPM0tmeE9lK29nWk5oNjdBZzNjemRndVlmCmZhWi9NYzJRY3lLSk5GNTkxSmo0TU5oR2hWVjZSMnNjM09XeUt0dE5iQXNhazR4UFF5ckhHVTAzcEVuWmM0eEYKeHRObVBwV2tuaElhUXVJMitpRFRsQT09Ci0tLS0tRU5EIENFUlRJRklDQVRFLS0tLS0K",
                "password": "",
                "username": ""
              }
            ],
            "master_authorized_networks_config": [],
            "master_version": "1.12.8-gke.10",
            "min_master_version": null,
            "monitoring_service": "monitoring.googleapis.com",
            "name": "k8s-cluster",
            "network": "projects/cloud-data-migrator/global/networks/default",
            "network_policy": [
              {
                "enabled": false,
                "provider": "PROVIDER_UNSPECIFIED"
              }
            ],
            "node_config": [
              {
                "disk_size_gb": 100,
                "disk_type": "pd-standard",
                "guest_accelerator": [],
                "image_type": "COS",
                "labels": {},
                "local_ssd_count": 0,
                "machine_type": "n1-standard-1",
                "metadata": {
                  "disable-legacy-endpoints": "true"
                },
                "min_cpu_platform": "",
                "oauth_scopes": [
                  "https://www.googleapis.com/auth/compute",
                  "https://www.googleapis.com/auth/devstorage.read_only",
                  "https://www.googleapis.com/auth/logging.write",
                  "https://www.googleapis.com/auth/monitoring"
                ],
                "preemptible": false,
                "sandbox_config": [],
                "service_account": "default",
                "tags": [
                  "network-cluster"
                ],
                "taint": [],
                "workload_metadata_config": []
              }
            ],
            "node_locations": [
              "us-west1-a",
              "us-west1-b",
              "us-west1-c"
            ],
            "node_pool": [
              {
                "autoscaling": [],
                "initial_node_count": 1,
                "instance_group_urls": [
                  "https://www.googleapis.com/compute/v1/projects/cloud-data-migrator/zones/us-west1-b/instanceGroupManagers/gke-k8s-cluster-default-pool-d3e76f73-grp",
                  "https://www.googleapis.com/compute/v1/projects/cloud-data-migrator/zones/us-west1-c/instanceGroupManagers/gke-k8s-cluster-default-pool-357ac456-grp",
                  "https://www.googleapis.com/compute/v1/projects/cloud-data-migrator/zones/us-west1-a/instanceGroupManagers/gke-k8s-cluster-default-pool-d507e435-grp"
                ],
                "management": [
                  {
                    "auto_repair": false,
                    "auto_upgrade": false
                  }
                ],
                "max_pods_per_node": 0,
                "name": "default-pool",
                "name_prefix": "",
                "node_config": [
                  {
                    "disk_size_gb": 100,
                    "disk_type": "pd-standard",
                    "guest_accelerator": [],
                    "image_type": "COS",
                    "labels": {},
                    "local_ssd_count": 0,
                    "machine_type": "n1-standard-1",
                    "metadata": {
                      "disable-legacy-endpoints": "true"
                    },
                    "min_cpu_platform": "",
                    "oauth_scopes": [
                      "https://www.googleapis.com/auth/compute",
                      "https://www.googleapis.com/auth/devstorage.read_only",
                      "https://www.googleapis.com/auth/logging.write",
                      "https://www.googleapis.com/auth/monitoring"
                    ],
                    "preemptible": false,
                    "sandbox_config": [],
                    "service_account": "default",
                    "tags": [
                      "network-cluster"
                    ],
                    "taint": [],
                    "workload_metadata_config": []
                  }
                ],
                "node_count": 1,
                "version": "1.12.8-gke.10"
              }
            ],
            "node_version": "1.12.8-gke.10",
            "pod_security_policy_config": [],
            "private_cluster_config": [],
            "project": "cloud-data-migrator",
            "region": "us-west1",
            "remove_default_node_pool": null,
            "resource_labels": null,
            "services_ipv4_cidr": "10.47.240.0/20",
            "subnetwork": "projects/cloud-data-migrator/regions/us-west1/subnetworks/default",
            "timeouts": null,
            "zone": null
          },
          "private": "eyJlMmJmYjczMC1lY2FhLTExZTYtOGY4OC0zNDM2M2JjN2M0YzAiOnsiY3JlYXRlIjoxODAwMDAwMDAwMDAwLCJkZWxldGUiOjE4MDAwMDAwMDAwMDAsInVwZGF0ZSI6MzYwMDAwMDAwMDAwMH0sInNjaGVtYV92ZXJzaW9uIjoiMSJ9",
          "depends_on": [
            "google_project_service.kubernetes"
          ]
        }
      ]
    },
    {
      "mode": "managed",
      "type": "google_project_service",
      "name": "kubernetes",
      "provider": "provider.google",
      "instances": [
        {
          "schema_version": 0,
          "attributes": {
            "disable_dependent_services": true,
            "disable_on_destroy": true,
            "id": "cloud-data-migrator/container.googleapis.com",
            "project": "cloud-data-migrator",
            "service": "container.googleapis.com",
            "timeouts": null
          },
          "private": "eyJlMmJmYjczMC1lY2FhLTExZTYtOGY4OC0zNDM2M2JjN2M0YzAiOnsiY3JlYXRlIjoxMjAwMDAwMDAwMDAwLCJkZWxldGUiOjEyMDAwMDAwMDAwMDAsInJlYWQiOjYwMDAwMDAwMDAwMCwidXBkYXRlIjoxMjAwMDAwMDAwMDAwfX0="
        }
      ]
    }
  ]
}
